
Microsoft Visual Studio Solution File, Format Version 12.00
# Visual Studio Version 17
VisualStudioVersion = 17.3.32811.315
MinimumVisualStudioVersion = 10.0.40219.1
Project("{FAE04EC0-301F-11D3-BF4B-00C04F79EFBC}") = "BlocNoteClone", "BlocNoteClone\BlocNoteClone.csproj", "{5543F491-4E43-42F1-8CE6-041B7D073494}"
EndProject
Global
	GlobalSection(SolutionConfigurationPlatforms) = preSolution
		Debug|Any CPU = Debug|Any CPU
		Release|Any CPU = Release|Any CPU
	EndGlobalSection
	GlobalSection(ProjectConfigurationPlatforms) = postSolution
		{5543F491-4E43-42F1-8CE6-041B7D073494}.Debug|Any CPU.ActiveCfg = Debug|Any CPU
		{5543F491-4E43-42F1-8CE6-041B7D073494}.Debug|Any CPU.Build.0 = Debug|Any CPU
		{5543F491-4E43-42F1-8CE6-041B7D073494}.Release|Any CPU.ActiveCfg = Release|Any CPU
		{5543F491-4E43-42F1-8CE6-041B7D073494}.Release|Any CPU.Build.0 = Release|Any CPU
	EndGlobalSection
	GlobalSection(SolutionProperties) = preSolution
		HideSolutionNode = FALSE
	EndGlobalSection
	GlobalSection(ExtensibilityGlobals) = postSolution
		SolutionGuid = {75EC05C9-DF7D-4001-A866-3EE1CA2649AC}
	EndGlobalSection
EndGlobal
